// !$*UTF8*$!
{
	archiveVersion = 1;
	classes = {
	};
	objectVersion = 50;
	objects = {

/* Begin PBXBuildFile section */
		C9B224BE210D0A93005B0CE9 /* AppDelegate.swift in Sources */ = {isa = PBXBuildFile; fileRef = C9B224BD210D0A93005B0CE9 /* AppDelegate.swift */; };
		C9B224C0210D0A93005B0CE9 /* MainViewController.swift in Sources */ = {isa = PBXBuildFile; fileRef = C9B224BF210D0A93005B0CE9 /* MainViewController.swift */; };
		C9B224C3210D0A93005B0CE9 /* Main.storyboard in Resources */ = {isa = PBXBuildFile; fileRef = C9B224C1210D0A93005B0CE9 /* Main.storyboard */; };
		C9B224C5210D0A95005B0CE9 /* Assets.xcassets in Resources */ = {isa = PBXBuildFile; fileRef = C9B224C4210D0A95005B0CE9 /* Assets.xcassets */; };
		C9B224C8210D0A95005B0CE9 /* LaunchScreen.storyboard in Resources */ = {isa = PBXBuildFile; fileRef = C9B224C6210D0A95005B0CE9 /* LaunchScreen.storyboard */; };
		C9B224D3210D0A95005B0CE9 /* ImageRecognitionProjectTests.swift in Sources */ = {isa = PBXBuildFile; fileRef = C9B224D2210D0A95005B0CE9 /* ImageRecognitionProjectTests.swift */; };
		C9B224DE210D0A95005B0CE9 /* ImageRecognitionProjectUITests.swift in Sources */ = {isa = PBXBuildFile; fileRef = C9B224DD210D0A95005B0CE9 /* ImageRecognitionProjectUITests.swift */; };
		C9B224EC210D1134005B0CE9 /* ThemeManager.swift in Sources */ = {isa = PBXBuildFile; fileRef = C9B224EB210D1134005B0CE9 /* ThemeManager.swift */; };
		C9B224EE210D1B8B005B0CE9 /* Constants.swift in Sources */ = {isa = PBXBuildFile; fileRef = C9B224ED210D1B8B005B0CE9 /* Constants.swift */; };
		C9B224F3210D1CFB005B0CE9 /* Localizable.strings in Resources */ = {isa = PBXBuildFile; fileRef = C9B224F1210D1CFB005B0CE9 /* Localizable.strings */; };
		C9B224F5210D2703005B0CE9 /* FruitViewController.swift in Sources */ = {isa = PBXBuildFile; fileRef = C9B224F4210D2703005B0CE9 /* FruitViewController.swift */; };
		C9B224F8210D272F005B0CE9 /* ColorViewController.swift in Sources */ = {isa = PBXBuildFile; fileRef = C9B224F7210D272F005B0CE9 /* ColorViewController.swift */; };
		C9B224FA210D274E005B0CE9 /* ShapeViewController.swift in Sources */ = {isa = PBXBuildFile; fileRef = C9B224F9210D274E005B0CE9 /* ShapeViewController.swift */; };
		C9B224FC210D275A005B0CE9 /* FlowerViewController.swift in Sources */ = {isa = PBXBuildFile; fileRef = C9B224FB210D275A005B0CE9 /* FlowerViewController.swift */; };
		C9B22501210D37DA005B0CE9 /* BaseViewController.swift in Sources */ = {isa = PBXBuildFile; fileRef = C9B22500210D37DA005B0CE9 /* BaseViewController.swift */; };
/* End PBXBuildFile section */

/* Begin PBXContainerItemProxy section */
		C9B224CF210D0A95005B0CE9 /* PBXContainerItemProxy */ = {
			isa = PBXContainerItemProxy;
			containerPortal = C9B224B2210D0A93005B0CE9 /* Project object */;
			proxyType = 1;
			remoteGlobalIDString = C9B224B9210D0A93005B0CE9;
			remoteInfo = ImageRecognitionProject;
		};
		C9B224DA210D0A95005B0CE9 /* PBXContainerItemProxy */ = {
			isa = PBXContainerItemProxy;
			containerPortal = C9B224B2210D0A93005B0CE9 /* Project object */;
			proxyType = 1;
			remoteGlobalIDString = C9B224B9210D0A93005B0CE9;
			remoteInfo = ImageRecognitionProject;
		};
/* End PBXContainerItemProxy section */

/* Begin PBXFileReference section */
		C9B224BA210D0A93005B0CE9 /* ImageRecognitionProject.app */ = {isa = PBXFileReference; explicitFileType = wrapper.application; includeInIndex = 0; path = ImageRecognitionProject.app; sourceTree = BUILT_PRODUCTS_DIR; };
		C9B224BD210D0A93005B0CE9 /* AppDelegate.swift */ = {isa = PBXFileReference; lastKnownFileType = sourcecode.swift; path = AppDelegate.swift; sourceTree = "<group>"; };
		C9B224BF210D0A93005B0CE9 /* MainViewController.swift */ = {isa = PBXFileReference; lastKnownFileType = sourcecode.swift; path = MainViewController.swift; sourceTree = "<group>"; };
		C9B224C2210D0A93005B0CE9 /* Base */ = {isa = PBXFileReference; lastKnownFileType = file.storyboard; name = Base; path = Base.lproj/Main.storyboard; sourceTree = "<group>"; };
		C9B224C4210D0A95005B0CE9 /* Assets.xcassets */ = {isa = PBXFileReference; lastKnownFileType = folder.assetcatalog; path = Assets.xcassets; sourceTree = "<group>"; };
		C9B224C7210D0A95005B0CE9 /* Base */ = {isa = PBXFileReference; lastKnownFileType = file.storyboard; name = Base; path = Base.lproj/LaunchScreen.storyboard; sourceTree = "<group>"; };
		C9B224C9210D0A95005B0CE9 /* Info.plist */ = {isa = PBXFileReference; lastKnownFileType = text.plist.xml; path = Info.plist; sourceTree = "<group>"; };
		C9B224CE210D0A95005B0CE9 /* ImageRecognitionProjectTests.xctest */ = {isa = PBXFileReference; explicitFileType = wrapper.cfbundle; includeInIndex = 0; path = ImageRecognitionProjectTests.xctest; sourceTree = BUILT_PRODUCTS_DIR; };
		C9B224D2210D0A95005B0CE9 /* ImageRecognitionProjectTests.swift */ = {isa = PBXFileReference; lastKnownFileType = sourcecode.swift; path = ImageRecognitionProjectTests.swift; sourceTree = "<group>"; };
		C9B224D4210D0A95005B0CE9 /* Info.plist */ = {isa = PBXFileReference; lastKnownFileType = text.plist.xml; path = Info.plist; sourceTree = "<group>"; };
		C9B224D9210D0A95005B0CE9 /* ImageRecognitionProjectUITests.xctest */ = {isa = PBXFileReference; explicitFileType = wrapper.cfbundle; includeInIndex = 0; path = ImageRecognitionProjectUITests.xctest; sourceTree = BUILT_PRODUCTS_DIR; };
		C9B224DD210D0A95005B0CE9 /* ImageRecognitionProjectUITests.swift */ = {isa = PBXFileReference; lastKnownFileType = sourcecode.swift; path = ImageRecognitionProjectUITests.swift; sourceTree = "<group>"; };
		C9B224DF210D0A95005B0CE9 /* Info.plist */ = {isa = PBXFileReference; lastKnownFileType = text.plist.xml; path = Info.plist; sourceTree = "<group>"; };
		C9B224EB210D1134005B0CE9 /* ThemeManager.swift */ = {isa = PBXFileReference; lastKnownFileType = sourcecode.swift; path = ThemeManager.swift; sourceTree = "<group>"; };
		C9B224ED210D1B8B005B0CE9 /* Constants.swift */ = {isa = PBXFileReference; lastKnownFileType = sourcecode.swift; path = Constants.swift; sourceTree = "<group>"; };
		C9B224F2210D1CFB005B0CE9 /* Base */ = {isa = PBXFileReference; lastKnownFileType = text.plist.strings; name = Base; path = ImageRecognitionProject/Base.lproj/Localizable.strings; sourceTree = "<group>"; };
		C9B224F4210D2703005B0CE9 /* FruitViewController.swift */ = {isa = PBXFileReference; lastKnownFileType = sourcecode.swift; path = FruitViewController.swift; sourceTree = "<group>"; };
		C9B224F7210D272F005B0CE9 /* ColorViewController.swift */ = {isa = PBXFileReference; lastKnownFileType = sourcecode.swift; path = ColorViewController.swift; sourceTree = "<group>"; };
		C9B224F9210D274E005B0CE9 /* ShapeViewController.swift */ = {isa = PBXFileReference; lastKnownFileType = sourcecode.swift; path = ShapeViewController.swift; sourceTree = "<group>"; };
		C9B224FB210D275A005B0CE9 /* FlowerViewController.swift */ = {isa = PBXFileReference; lastKnownFileType = sourcecode.swift; path = FlowerViewController.swift; sourceTree = "<group>"; };
		C9B22500210D37DA005B0CE9 /* BaseViewController.swift */ = {isa = PBXFileReference; lastKnownFileType = sourcecode.swift; path = BaseViewController.swift; sourceTree = "<group>"; };
/* End PBXFileReference section */

/* Begin PBXFrameworksBuildPhase section */
		C9B224B7210D0A93005B0CE9 /* Frameworks */ = {
			isa = PBXFrameworksBuildPhase;
			buildActionMask = 2147483647;
			files = (
			);
			runOnlyForDeploymentPostprocessing = 0;
		};
		C9B224CB210D0A95005B0CE9 /* Frameworks */ = {
			isa = PBXFrameworksBuildPhase;
			buildActionMask = 2147483647;
			files = (
			);
			runOnlyForDeploymentPostprocessing = 0;
		};
		C9B224D6210D0A95005B0CE9 /* Frameworks */ = {
			isa = PBXFrameworksBuildPhase;
			buildActionMask = 2147483647;
			files = (
			);
			runOnlyForDeploymentPostprocessing = 0;
		};
/* End PBXFrameworksBuildPhase section */

/* Begin PBXGroup section */
		C9B224B1210D0A93005B0CE9 = {
			isa = PBXGroup;
			children = (
				C9B224BC210D0A93005B0CE9 /* ImageRecognitionProject */,
				C9B224D1210D0A95005B0CE9 /* ImageRecognitionProjectTests */,
				C9B224DC210D0A95005B0CE9 /* ImageRecognitionProjectUITests */,
				C9B224BB210D0A93005B0CE9 /* Products */,
			);
			sourceTree = "<group>";
		};
		C9B224BB210D0A93005B0CE9 /* Products */ = {
			isa = PBXGroup;
			children = (
				C9B224BA210D0A93005B0CE9 /* ImageRecognitionProject.app */,
				C9B224CE210D0A95005B0CE9 /* ImageRecognitionProjectTests.xctest */,
				C9B224D9210D0A95005B0CE9 /* ImageRecognitionProjectUITests.xctest */,
			);
			name = Products;
			sourceTree = "<group>";
		};
		C9B224BC210D0A93005B0CE9 /* ImageRecognitionProject */ = {
			isa = PBXGroup;
			children = (
				C9B224F6210D270A005B0CE9 /* View Controllers */,
				C9B224BD210D0A93005B0CE9 /* AppDelegate.swift */,
				C9B224C1210D0A93005B0CE9 /* Main.storyboard */,
				C9B224C4210D0A95005B0CE9 /* Assets.xcassets */,
				C9B224C6210D0A95005B0CE9 /* LaunchScreen.storyboard */,
				C9B224C9210D0A95005B0CE9 /* Info.plist */,
				C9B224EB210D1134005B0CE9 /* ThemeManager.swift */,
				C9B224ED210D1B8B005B0CE9 /* Constants.swift */,
			);
			path = ImageRecognitionProject;
			sourceTree = "<group>";
		};
		C9B224D1210D0A95005B0CE9 /* ImageRecognitionProjectTests */ = {
			isa = PBXGroup;
			children = (
				C9B224D2210D0A95005B0CE9 /* ImageRecognitionProjectTests.swift */,
				C9B224D4210D0A95005B0CE9 /* Info.plist */,
			);
			path = ImageRecognitionProjectTests;
			sourceTree = "<group>";
		};
		C9B224DC210D0A95005B0CE9 /* ImageRecognitionProjectUITests */ = {
			isa = PBXGroup;
			children = (
				C9B224DD210D0A95005B0CE9 /* ImageRecognitionProjectUITests.swift */,
				C9B224DF210D0A95005B0CE9 /* Info.plist */,
				C9B224F1210D1CFB005B0CE9 /* Localizable.strings */,
			);
			path = ImageRecognitionProjectUITests;
			sourceTree = "<group>";
		};
		C9B224F6210D270A005B0CE9 /* View Controllers */ = {
			isa = PBXGroup;
			children = (
				C9B224F4210D2703005B0CE9 /* FruitViewController.swift */,
				C9B224F7210D272F005B0CE9 /* ColorViewController.swift */,
				C9B224F9210D274E005B0CE9 /* ShapeViewController.swift */,
				C9B224FB210D275A005B0CE9 /* FlowerViewController.swift */,
				C9B224BF210D0A93005B0CE9 /* MainViewController.swift */,
				C9B22500210D37DA005B0CE9 /* BaseViewController.swift */,
			);
			path = "View Controllers";
			sourceTree = "<group>";
		};
/* End PBXGroup section */

/* Begin PBXNativeTarget section */
		C9B224B9210D0A93005B0CE9 /* ImageRecognitionProject */ = {
			isa = PBXNativeTarget;
			buildConfigurationList = C9B224E2210D0A95005B0CE9 /* Build configuration list for PBXNativeTarget "ImageRecognitionProject" */;
			buildPhases = (
				C9B224B6210D0A93005B0CE9 /* Sources */,
				C9B224B7210D0A93005B0CE9 /* Frameworks */,
				C9B224B8210D0A93005B0CE9 /* Resources */,
			);
			buildRules = (
			);
			dependencies = (
			);
			name = ImageRecognitionProject;
			productName = ImageRecognitionProject;
			productReference = C9B224BA210D0A93005B0CE9 /* ImageRecognitionProject.app */;
			productType = "com.apple.product-type.application";
		};
		C9B224CD210D0A95005B0CE9 /* ImageRecognitionProjectTests */ = {
			isa = PBXNativeTarget;
			buildConfigurationList = C9B224E5210D0A95005B0CE9 /* Build configuration list for PBXNativeTarget "ImageRecognitionProjectTests" */;
			buildPhases = (
				C9B224CA210D0A95005B0CE9 /* Sources */,
				C9B224CB210D0A95005B0CE9 /* Frameworks */,
				C9B224CC210D0A95005B0CE9 /* Resources */,
			);
			buildRules = (
			);
			dependencies = (
				C9B224D0210D0A95005B0CE9 /* PBXTargetDependency */,
			);
			name = ImageRecognitionProjectTests;
			productName = ImageRecognitionProjectTests;
			productReference = C9B224CE210D0A95005B0CE9 /* ImageRecognitionProjectTests.xctest */;
			productType = "com.apple.product-type.bundle.unit-test";
		};
		C9B224D8210D0A95005B0CE9 /* ImageRecognitionProjectUITests */ = {
			isa = PBXNativeTarget;
			buildConfigurationList = C9B224E8210D0A95005B0CE9 /* Build configuration list for PBXNativeTarget "ImageRecognitionProjectUITests" */;
			buildPhases = (
				C9B224D5210D0A95005B0CE9 /* Sources */,
				C9B224D6210D0A95005B0CE9 /* Frameworks */,
				C9B224D7210D0A95005B0CE9 /* Resources */,
			);
			buildRules = (
			);
			dependencies = (
				C9B224DB210D0A95005B0CE9 /* PBXTargetDependency */,
			);
			name = ImageRecognitionProjectUITests;
			productName = ImageRecognitionProjectUITests;
			productReference = C9B224D9210D0A95005B0CE9 /* ImageRecognitionProjectUITests.xctest */;
			productType = "com.apple.product-type.bundle.ui-testing";
		};
/* End PBXNativeTarget section */

/* Begin PBXProject section */
		C9B224B2210D0A93005B0CE9 /* Project object */ = {
			isa = PBXProject;
			attributes = {
				LastSwiftUpdateCheck = 0940;
				LastUpgradeCheck = 0940;
				ORGANIZATIONNAME = Aasveen;
				TargetAttributes = {
					C9B224B9210D0A93005B0CE9 = {
						CreatedOnToolsVersion = 9.4.1;
					};
					C9B224CD210D0A95005B0CE9 = {
						CreatedOnToolsVersion = 9.4.1;
						TestTargetID = C9B224B9210D0A93005B0CE9;
					};
					C9B224D8210D0A95005B0CE9 = {
						CreatedOnToolsVersion = 9.4.1;
						TestTargetID = C9B224B9210D0A93005B0CE9;
					};
				};
			};
			buildConfigurationList = C9B224B5210D0A93005B0CE9 /* Build configuration list for PBXProject "ImageRecognitionProject" */;
			compatibilityVersion = "Xcode 9.3";
			developmentRegion = en;
			hasScannedForEncodings = 0;
			knownRegions = (
				en,
				Base,
			);
			mainGroup = C9B224B1210D0A93005B0CE9;
			productRefGroup = C9B224BB210D0A93005B0CE9 /* Products */;
			projectDirPath = "";
			projectRoot = "";
			targets = (
				C9B224B9210D0A93005B0CE9 /* ImageRecognitionProject */,
				C9B224CD210D0A95005B0CE9 /* ImageRecognitionProjectTests */,
				C9B224D8210D0A95005B0CE9 /* ImageRecognitionProjectUITests */,
			);
		};
/* End PBXProject section */

/* Begin PBXResourcesBuildPhase section */
		C9B224B8210D0A93005B0CE9 /* Resources */ = {
			isa = PBXResourcesBuildPhase;
			buildActionMask = 2147483647;
			files = (
				C9B224C8210D0A95005B0CE9 /* LaunchScreen.storyboard in Resources */,
				C9B224C5210D0A95005B0CE9 /* Assets.xcassets in Resources */,
				C9B224F3210D1CFB005B0CE9 /* Localizable.strings in Resources */,
				C9B224C3210D0A93005B0CE9 /* Main.storyboard in Resources */,
			);
			runOnlyForDeploymentPostprocessing = 0;
		};
		C9B224CC210D0A95005B0CE9 /* Resources */ = {
			isa = PBXResourcesBuildPhase;
			buildActionMask = 2147483647;
			files = (
			);
			runOnlyForDeploymentPostprocessing = 0;
		};
		C9B224D7210D0A95005B0CE9 /* Resources */ = {
			isa = PBXResourcesBuildPhase;
			buildActionMask = 2147483647;
			files = (
			);
			runOnlyForDeploymentPostprocessing = 0;
		};
/* End PBXResourcesBuildPhase section */

/* Begin PBXSourcesBuildPhase section */
		C9B224B6210D0A93005B0CE9 /* Sources */ = {
			isa = PBXSourcesBuildPhase;
			buildActionMask = 2147483647;
			files = (
				C9B224C0210D0A93005B0CE9 /* MainViewController.swift in Sources */,
				C9B224F5210D2703005B0CE9 /* FruitViewController.swift in Sources */,
				C9B224BE210D0A93005B0CE9 /* AppDelegate.swift in Sources */,
				C9B224FC210D275A005B0CE9 /* FlowerViewController.swift in Sources */,
				C9B224EC210D1134005B0CE9 /* ThemeManager.swift in Sources */,
				C9B22501210D37DA005B0CE9 /* BaseViewController.swift in Sources */,
				C9B224FA210D274E005B0CE9 /* ShapeViewController.swift in Sources */,
				C9B224F8210D272F005B0CE9 /* ColorViewController.swift in Sources */,
				C9B224EE210D1B8B005B0CE9 /* Constants.swift in Sources */,
			);
			runOnlyForDeploymentPostprocessing = 0;
		};
		C9B224CA210D0A95005B0CE9 /* Sources */ = {
			isa = PBXSourcesBuildPhase;
			buildActionMask = 2147483647;
			files = (
				C9B224D3210D0A95005B0CE9 /* ImageRecognitionProjectTests.swift in Sources */,
			);
			runOnlyForDeploymentPostprocessing = 0;
		};
		C9B224D5210D0A95005B0CE9 /* Sources */ = {
			isa = PBXSourcesBuildPhase;
			buildActionMask = 2147483647;
			files = (
				C9B224DE210D0A95005B0CE9 /* ImageRecognitionProjectUITests.swift in Sources */,
			);
			runOnlyForDeploymentPostprocessing = 0;
		};
/* End PBXSourcesBuildPhase section */

/* Begin PBXTargetDependency section */
		C9B224D0210D0A95005B0CE9 /* PBXTargetDependency */ = {
			isa = PBXTargetDependency;
			target = C9B224B9210D0A93005B0CE9 /* ImageRecognitionProject */;
			targetProxy = C9B224CF210D0A95005B0CE9 /* PBXContainerItemProxy */;
		};
		C9B224DB210D0A95005B0CE9 /* PBXTargetDependency */ = {
			isa = PBXTargetDependency;
			target = C9B224B9210D0A93005B0CE9 /* ImageRecognitionProject */;
			targetProxy = C9B224DA210D0A95005B0CE9 /* PBXContainerItemProxy */;
		};
/* End PBXTargetDependency section */

/* Begin PBXVariantGroup section */
		C9B224C1210D0A93005B0CE9 /* Main.storyboard */ = {
			isa = PBXVariantGroup;
			children = (
				C9B224C2210D0A93005B0CE9 /* Base */,
			);
			name = Main.storyboard;
			sourceTree = "<group>";
		};
		C9B224C6210D0A95005B0CE9 /* LaunchScreen.storyboard */ = {
			isa = PBXVariantGroup;
			children = (
				C9B224C7210D0A95005B0CE9 /* Base */,
			);
			name = LaunchScreen.storyboard;
			sourceTree = "<group>";
		};
		C9B224F1210D1CFB005B0CE9 /* Localizable.strings */ = {
			isa = PBXVariantGroup;
			children = (
				C9B224F2210D1CFB005B0CE9 /* Base */,
			);
			name = Localizable.strings;
			sourceTree = "<group>";
		};
/* End PBXVariantGroup section */

/* Begin XCBuildConfiguration section */
		C9B224E0210D0A95005B0CE9 /* Debug */ = {
			isa = XCBuildConfiguration;
			buildSettings = {
				ALWAYS_SEARCH_USER_PATHS = NO;
				CLANG_ANALYZER_NONNULL = YES;
				CLANG_ANALYZER_NUMBER_OBJECT_CONVERSION = YES_AGGRESSIVE;
				CLANG_CXX_LANGUAGE_STANDARD = "gnu++14";
				CLANG_CXX_LIBRARY = "libc++";
				CLANG_ENABLE_MODULES = YES;
				CLANG_ENABLE_OBJC_ARC = YES;
				CLANG_ENABLE_OBJC_WEAK = YES;
				CLANG_WARN_BLOCK_CAPTURE_AUTORELEASING = YES;
				CLANG_WARN_BOOL_CONVERSION = YES;
				CLANG_WARN_COMMA = YES;
				CLANG_WARN_CONSTANT_CONVERSION = YES;
				CLANG_WARN_DEPRECATED_OBJC_IMPLEMENTATIONS = YES;
				CLANG_WARN_DIRECT_OBJC_ISA_USAGE = YES_ERROR;
				CLANG_WARN_DOCUMENTATION_COMMENTS = YES;
				CLANG_WARN_EMPTY_BODY = YES;
				CLANG_WARN_ENUM_CONVERSION = YES;
				CLANG_WARN_INFINITE_RECURSION = YES;
				CLANG_WARN_INT_CONVERSION = YES;
				CLANG_WARN_NON_LITERAL_NULL_CONVERSION = YES;
				CLANG_WARN_OBJC_IMPLICIT_RETAIN_SELF = YES;
				CLANG_WARN_OBJC_LITERAL_CONVERSION = YES;
				CLANG_WARN_OBJC_ROOT_CLASS = YES_ERROR;
				CLANG_WARN_RANGE_LOOP_ANALYSIS = YES;
				CLANG_WARN_STRICT_PROTOTYPES = YES;
				CLANG_WARN_SUSPICIOUS_MOVE = YES;
				CLANG_WARN_UNGUARDED_AVAILABILITY = YES_AGGRESSIVE;
				CLANG_WARN_UNREACHABLE_CODE = YES;
				CLANG_WARN__DUPLICATE_METHOD_MATCH = YES;
				CODE_SIGN_IDENTITY = "iPhone Developer";
				COPY_PHASE_STRIP = NO;
				DEBUG_INFORMATION_FORMAT = dwarf;
				ENABLE_STRICT_OBJC_MSGSEND = YES;
				ENABLE_TESTABILITY = YES;
				GCC_C_LANGUAGE_STANDARD = gnu11;
				GCC_DYNAMIC_NO_PIC = NO;
				GCC_NO_COMMON_BLOCKS = YES;
				GCC_OPTIMIZATION_LEVEL = 0;
				GCC_PREPROCESSOR_DEFINITIONS = (
					"DEBUG=1",
					"$(inherited)",
				);
				GCC_WARN_64_TO_32_BIT_CONVERSION = YES;
				GCC_WARN_ABOUT_RETURN_TYPE = YES_ERROR;
				GCC_WARN_UNDECLARED_SELECTOR = YES;
				GCC_WARN_UNINITIALIZED_AUTOS = YES_AGGRESSIVE;
				GCC_WARN_UNUSED_FUNCTION = YES;
				GCC_WARN_UNUSED_VARIABLE = YES;
				IPHONEOS_DEPLOYMENT_TARGET = 11.4;
				MTL_ENABLE_DEBUG_INFO = YES;
				ONLY_ACTIVE_ARCH = YES;
				SDKROOT = iphoneos;
				SWIFT_ACTIVE_COMPILATION_CONDITIONS = DEBUG;
				SWIFT_OPTIMIZATION_LEVEL = "-Onone";
			};
			name = Debug;
		};
		C9B224E1210D0A95005B0CE9 /* Release */ = {
			isa = XCBuildConfiguration;
			buildSettings = {
				ALWAYS_SEARCH_USER_PATHS = NO;
				CLANG_ANALYZER_NONNULL = YES;
				CLANG_ANALYZER_NUMBER_OBJECT_CONVERSION = YES_AGGRESSIVE;
				CLANG_CXX_LANGUAGE_STANDARD = "gnu++14";
				CLANG_CXX_LIBRARY = "libc++";
				CLANG_ENABLE_MODULES = YES;
				CLANG_ENABLE_OBJC_ARC = YES;
				CLANG_ENABLE_OBJC_WEAK = YES;
				CLANG_WARN_BLOCK_CAPTURE_AUTORELEASING = YES;
				CLANG_WARN_BOOL_CONVERSION = YES;
				CLANG_WARN_COMMA = YES;
				CLANG_WARN_CONSTANT_CONVERSION = YES;
				CLANG_WARN_DEPRECATED_OBJC_IMPLEMENTATIONS = YES;
				CLANG_WARN_DIRECT_OBJC_ISA_USAGE = YES_ERROR;
				CLANG_WARN_DOCUMENTATION_COMMENTS = YES;
				CLANG_WARN_EMPTY_BODY = YES;
				CLANG_WARN_ENUM_CONVERSION = YES;
				CLANG_WARN_INFINITE_RECURSION = YES;
				CLANG_WARN_INT_CONVERSION = YES;
				CLANG_WARN_NON_LITERAL_NULL_CONVERSION = YES;
				CLANG_WARN_OBJC_IMPLICIT_RETAIN_SELF = YES;
				CLANG_WARN_OBJC_LITERAL_CONVERSION = YES;
				CLANG_WARN_OBJC_ROOT_CLASS = YES_ERROR;
				CLANG_WARN_RANGE_LOOP_ANALYSIS = YES;
				CLANG_WARN_STRICT_PROTOTYPES = YES;
				CLANG_WARN_SUSPICIOUS_MOVE = YES;
				CLANG_WARN_UNGUARDED_AVAILABILITY = YES_AGGRESSIVE;
				CLANG_WARN_UNREACHABLE_CODE = YES;
				CLANG_WARN__DUPLICATE_METHOD_MATCH = YES;
				CODE_SIGN_IDENTITY = "iPhone Developer";
				COPY_PHASE_STRIP = NO;
				DEBUG_INFORMATION_FORMAT = "dwarf-with-dsym";
				ENABLE_NS_ASSERTIONS = NO;
				ENABLE_STRICT_OBJC_MSGSEND = YES;
				GCC_C_LANGUAGE_STANDARD = gnu11;
				GCC_NO_COMMON_BLOCKS = YES;
				GCC_WARN_64_TO_32_BIT_CONVERSION = YES;
				GCC_WARN_ABOUT_RETURN_TYPE = YES_ERROR;
				GCC_WARN_UNDECLARED_SELECTOR = YES;
				GCC_WARN_UNINITIALIZED_AUTOS = YES_AGGRESSIVE;
				GCC_WARN_UNUSED_FUNCTION = YES;
				GCC_WARN_UNUSED_VARIABLE = YES;
				IPHONEOS_DEPLOYMENT_TARGET = 11.4;
				MTL_ENABLE_DEBUG_INFO = NO;
				SDKROOT = iphoneos;
				SWIFT_COMPILATION_MODE = wholemodule;
				SWIFT_OPTIMIZATION_LEVEL = "-O";
				VALIDATE_PRODUCT = YES;
			};
			name = Release;
		};
		C9B224E3210D0A95005B0CE9 /* Debug */ = {
			isa = XCBuildConfiguration;
			buildSettings = {
				ASSETCATALOG_COMPILER_APPICON_NAME = AppIcon;
				CODE_SIGN_STYLE = Automatic;
				DEVELOPMENT_TEAM = UYUY4NQE32;
				INFOPLIST_FILE = ImageRecognitionProject/Info.plist;
				LD_RUNPATH_SEARCH_PATHS = (
					"$(inherited)",
					"@executable_path/Frameworks",
				);
				PRODUCT_BUNDLE_IDENTIFIER = Aasveen.ImageRecognitionProject;
				PRODUCT_NAME = "$(TARGET_NAME)";
				SWIFT_VERSION = 4.0;
				TARGETED_DEVICE_FAMILY = 1;
			};
			name = Debug;
		};
		C9B224E4210D0A95005B0CE9 /* Release */ = {
			isa = XCBuildConfiguration;
			buildSettings = {
				ASSETCATALOG_COMPILER_APPICON_NAME = AppIcon;
				CODE_SIGN_STYLE = Automatic;
				DEVELOPMENT_TEAM = UYUY4NQE32;
				INFOPLIST_FILE = ImageRecognitionProject/Info.plist;
				LD_RUNPATH_SEARCH_PATHS = (
					"$(inherited)",
					"@executable_path/Frameworks",
				);
				PRODUCT_BUNDLE_IDENTIFIER = Aasveen.ImageRecognitionProject;
				PRODUCT_NAME = "$(TARGET_NAME)";
				SWIFT_VERSION = 4.0;
				TARGETED_DEVICE_FAMILY = 1;
			};
			name = Release;
		};
		C9B224E6210D0A95005B0CE9 /* Debug */ = {
			isa = XCBuildConfiguration;
			buildSettings = {
				ALWAYS_EMBED_SWIFT_STANDARD_LIBRARIES = YES;
				BUNDLE_LOADER = "$(TEST_HOST)";
				CODE_SIGN_STYLE = Automatic;
				DEVELOPMENT_TEAM = UYUY4NQE32;
				INFOPLIST_FILE = ImageRecognitionProjectTests/Info.plist;
				LD_RUNPATH_SEARCH_PATHS = (
					"$(inherited)",
					"@executable_path/Frameworks",
					"@loader_path/Frameworks",
				);
				PRODUCT_BUNDLE_IDENTIFIER = Aasveen.ImageRecognitionProjectTests;
				PRODUCT_NAME = "$(TARGET_NAME)";
				SWIFT_VERSION = 4.0;
				TARGETED_DEVICE_FAMILY = "1,2";
				TEST_HOST = "$(BUILT_PRODUCTS_DIR)/ImageRecognitionProject.app/ImageRecognitionProject";
			};
			name = Debug;
		};
		C9B224E7210D0A95005B0CE9 /* Release */ = {
			isa = XCBuildConfiguration;
			buildSettings = {
				ALWAYS_EMBED_SWIFT_STANDARD_LIBRARIES = YES;
				BUNDLE_LOADER = "$(TEST_HOST)";
				CODE_SIGN_STYLE = Automatic;
				DEVELOPMENT_TEAM = UYUY4NQE32;
				INFOPLIST_FILE = ImageRecognitionProjectTests/Info.plist;
				LD_RUNPATH_SEARCH_PATHS = (
					"$(inherited)",
					"@executable_path/Frameworks",
					"@loader_path/Frameworks",
				);
				PRODUCT_BUNDLE_IDENTIFIER = Aasveen.ImageRecognitionProjectTests;
				PRODUCT_NAME = "$(TARGET_NAME)";
				SWIFT_VERSION = 4.0;
				TARGETED_DEVICE_FAMILY = "1,2";
				TEST_HOST = "$(BUILT_PRODUCTS_DIR)/ImageRecognitionProject.app/ImageRecognitionProject";
			};
			name = Release;
		};
		C9B224E9210D0A95005B0CE9 /* Debug */ = {
			isa = XCBuildConfiguration;
			buildSettings = {
				ALWAYS_EMBED_SWIFT_STANDARD_LIBRARIES = YES;
				CODE_SIGN_STYLE = Automatic;
				DEVELOPMENT_TEAM = UYUY4NQE32;
				INFOPLIST_FILE = ImageRecognitionProjectUITests/Info.plist;
				LD_RUNPATH_SEARCH_PATHS = (
					"$(inherited)",
					"@executable_path/Frameworks",
					"@loader_path/Frameworks",
				);
				PRODUCT_BUNDLE_IDENTIFIER = Aasveen.ImageRecognitionProjectUITests;
				PRODUCT_NAME = "$(TARGET_NAME)";
				SWIFT_VERSION = 4.0;
				TARGETED_DEVICE_FAMILY = "1,2";
				TEST_TARGET_NAME = ImageRecognitionProject;
			};
			name = Debug;
		};
		C9B224EA210D0A95005B0CE9 /* Release */ = {
			isa = XCBuildConfiguration;
			buildSettings = {
				ALWAYS_EMBED_SWIFT_STANDARD_LIBRARIES = YES;
				CODE_SIGN_STYLE = Automatic;
				DEVELOPMENT_TEAM = UYUY4NQE32;
				INFOPLIST_FILE = ImageRecognitionProjectUITests/Info.plist;
				LD_RUNPATH_SEARCH_PATHS = (
					"$(inherited)",
					"@executable_path/Frameworks",
					"@loader_path/Frameworks",
				);
				PRODUCT_BUNDLE_IDENTIFIER = Aasveen.ImageRecognitionProjectUITests;
				PRODUCT_NAME = "$(TARGET_NAME)";
				SWIFT_VERSION = 4.0;
				TARGETED_DEVICE_FAMILY = "1,2";
				TEST_TARGET_NAME = ImageRecognitionProject;
			};
			name = Release;
		};
/* End XCBuildConfiguration section */

/* Begin XCConfigurationList section */
		C9B224B5210D0A93005B0CE9 /* Build configuration list for PBXProject "ImageRecognitionProject" */ = {
			isa = XCConfigurationList;
			buildConfigurations = (
				C9B224E0210D0A95005B0CE9 /* Debug */,
				C9B224E1210D0A95005B0CE9 /* Release */,
			);
			defaultConfigurationIsVisible = 0;
			defaultConfigurationName = Release;
		};
		C9B224E2210D0A95005B0CE9 /* Build configuration list for PBXNativeTarget "ImageRecognitionProject" */ = {
			isa = XCConfigurationList;
			buildConfigurations = (
				C9B224E3210D0A95005B0CE9 /* Debug */,
				C9B224E4210D0A95005B0CE9 /* Release */,
			);
			defaultConfigurationIsVisible = 0;
			defaultConfigurationName = Release;
		};
		C9B224E5210D0A95005B0CE9 /* Build configuration list for PBXNativeTarget "ImageRecognitionProjectTests" */ = {
			isa = XCConfigurationList;
			buildConfigurations = (
				C9B224E6210D0A95005B0CE9 /* Debug */,
				C9B224E7210D0A95005B0CE9 /* Release */,
			);
			defaultConfigurationIsVisible = 0;
			defaultConfigurationName = Release;
		};
		C9B224E8210D0A95005B0CE9 /* Build configuration list for PBXNativeTarget "ImageRecognitionProjectUITests" */ = {
			isa = XCConfigurationList;
			buildConfigurations = (
				C9B224E9210D0A95005B0CE9 /* Debug */,
				C9B224EA210D0A95005B0CE9 /* Release */,
			);
			defaultConfigurationIsVisible = 0;
			defaultConfigurationName = Release;
		};
/* End XCConfigurationList section */
	};
	rootObject = C9B224B2210D0A93005B0CE9 /* Project object */;
}
